
Microsoft Visual Studio Solution File, Format Version 12.00
# Visual Studio Version 16
VisualStudioVersion = 16.0.30621.155
MinimumVisualStudioVersion = 10.0.40219.1
Project("{9A19103F-16F7-4668-BE54-9A1E7A4F7556}") = "MVC Project (online shop)", "MVC Project (online shop)\MVC Project (online shop).csproj", "{A62197D2-6FB6-4652-906F-33898495D911}"
EndProject
Global
	GlobalSection(SolutionConfigurationPlatforms) = preSolution
		Debug|Any CPU = Debug|Any CPU
		Release|Any CPU = Release|Any CPU
	EndGlobalSection
	GlobalSection(ProjectConfigurationPlatforms) = postSolution
		{A62197D2-6FB6-4652-906F-33898495D911}.Debug|Any CPU.ActiveCfg = Debug|Any CPU
		{A62197D2-6FB6-4652-906F-33898495D911}.Debug|Any CPU.Build.0 = Debug|Any CPU
		{A62197D2-6FB6-4652-906F-33898495D911}.Release|Any CPU.ActiveCfg = Release|Any CPU
		{A62197D2-6FB6-4652-906F-33898495D911}.Release|Any CPU.Build.0 = Release|Any CPU
	EndGlobalSection
	GlobalSection(SolutionProperties) = preSolution
		HideSolutionNode = FALSE
	EndGlobalSection
	GlobalSection(ExtensibilityGlobals) = postSolution
		SolutionGuid = {B1458B0A-34F5-48A0-909D-D5F2940D0C27}
	EndGlobalSection
EndGlobal
