
Microsoft Visual Studio Solution File, Format Version 12.00
# Visual Studio Version 16
VisualStudioVersion = 16.0.30621.155
MinimumVisualStudioVersion = 10.0.40219.1
Project("{9A19103F-16F7-4668-BE54-9A1E7A4F7556}") = "MvcProjectClient", "Mvc Project Client\MvcProjectClient.csproj", "{3286FC89-7DC1-487C-AB27-EC4A55A7E3A6}"
EndProject
Project("{9A19103F-16F7-4668-BE54-9A1E7A4F7556}") = "MvcProjectApi", "WebApplication1\MvcProjectApi.csproj", "{5A7C4716-8130-4680-B202-1A587D8E2EAC}"
EndProject
Global
	GlobalSection(SolutionConfigurationPlatforms) = preSolution
		Debug|Any CPU = Debug|Any CPU
		Release|Any CPU = Release|Any CPU
	EndGlobalSection
	GlobalSection(ProjectConfigurationPlatforms) = postSolution
		{3286FC89-7DC1-487C-AB27-EC4A55A7E3A6}.Debug|Any CPU.ActiveCfg = Debug|Any CPU
		{3286FC89-7DC1-487C-AB27-EC4A55A7E3A6}.Debug|Any CPU.Build.0 = Debug|Any CPU
		{3286FC89-7DC1-487C-AB27-EC4A55A7E3A6}.Release|Any CPU.ActiveCfg = Release|Any CPU
		{3286FC89-7DC1-487C-AB27-EC4A55A7E3A6}.Release|Any CPU.Build.0 = Release|Any CPU
		{5A7C4716-8130-4680-B202-1A587D8E2EAC}.Debug|Any CPU.ActiveCfg = Debug|Any CPU
		{5A7C4716-8130-4680-B202-1A587D8E2EAC}.Debug|Any CPU.Build.0 = Debug|Any CPU
		{5A7C4716-8130-4680-B202-1A587D8E2EAC}.Release|Any CPU.ActiveCfg = Release|Any CPU
		{5A7C4716-8130-4680-B202-1A587D8E2EAC}.Release|Any CPU.Build.0 = Release|Any CPU
	EndGlobalSection
	GlobalSection(SolutionProperties) = preSolution
		HideSolutionNode = FALSE
	EndGlobalSection
	GlobalSection(ExtensibilityGlobals) = postSolution
		SolutionGuid = {B1458B0A-34F5-48A0-909D-D5F2940D0C27}
	EndGlobalSection
EndGlobal
